
Microsoft Visual Studio Solution File, Format Version 12.00
# Visual Studio Version 17
VisualStudioVersion = 17.2.32427.441
MinimumVisualStudioVersion = 10.0.40219.1
Project("{FAE04EC0-301F-11D3-BF4B-00C04F79EFBC}") = "MoviesApi", "MoviesApi\MoviesApi.csproj", "{211A6D02-A2D2-4573-970C-2ABC2D3450F7}"
EndProject
Global
	GlobalSection(SolutionConfigurationPlatforms) = preSolution
		Debug|Any CPU = Debug|Any CPU
		Release|Any CPU = Release|Any CPU
	EndGlobalSection
	GlobalSection(ProjectConfigurationPlatforms) = postSolution
		{211A6D02-A2D2-4573-970C-2ABC2D3450F7}.Debug|Any CPU.ActiveCfg = Debug|Any CPU
		{211A6D02-A2D2-4573-970C-2ABC2D3450F7}.Debug|Any CPU.Build.0 = Debug|Any CPU
		{211A6D02-A2D2-4573-970C-2ABC2D3450F7}.Release|Any CPU.ActiveCfg = Release|Any CPU
		{211A6D02-A2D2-4573-970C-2ABC2D3450F7}.Release|Any CPU.Build.0 = Release|Any CPU
	EndGlobalSection
	GlobalSection(SolutionProperties) = preSolution
		HideSolutionNode = FALSE
	EndGlobalSection
	GlobalSection(ExtensibilityGlobals) = postSolution
		SolutionGuid = {69AAFD2C-E784-4758-A701-E6E051745B11}
	EndGlobalSection
EndGlobal
